
Microsoft Visual Studio Solution File, Format Version 12.00
# Visual Studio Version 17
VisualStudioVersion = 17.8.34601.278
MinimumVisualStudioVersion = 10.0.40219.1
Project("{FAE04EC0-301F-11D3-BF4B-00C04F79EFBC}") = "DZ_25.02.2024_3", "DZ_25.02.2024_3\DZ_25.02.2024_3.csproj", "{0E163610-9C5F-4436-886F-BBC1A59D65EC}"
EndProject
Global
	GlobalSection(SolutionConfigurationPlatforms) = preSolution
		Debug|Any CPU = Debug|Any CPU
		Release|Any CPU = Release|Any CPU
	EndGlobalSection
	GlobalSection(ProjectConfigurationPlatforms) = postSolution
		{0E163610-9C5F-4436-886F-BBC1A59D65EC}.Debug|Any CPU.ActiveCfg = Debug|Any CPU
		{0E163610-9C5F-4436-886F-BBC1A59D65EC}.Debug|Any CPU.Build.0 = Debug|Any CPU
		{0E163610-9C5F-4436-886F-BBC1A59D65EC}.Release|Any CPU.ActiveCfg = Release|Any CPU
		{0E163610-9C5F-4436-886F-BBC1A59D65EC}.Release|Any CPU.Build.0 = Release|Any CPU
	EndGlobalSection
	GlobalSection(SolutionProperties) = preSolution
		HideSolutionNode = FALSE
	EndGlobalSection
	GlobalSection(ExtensibilityGlobals) = postSolution
		SolutionGuid = {580F5FF1-2AF9-4E4D-9DDA-B38E1784A42E}
	EndGlobalSection
EndGlobal
